PODS:
  - SwiftyTesseract (2.0.0)
  - SwiftyTesseractRTE (2.0.0):
    - SwiftyTesseract (~> 2.0)

DEPENDENCIES:
  - SwiftyTesseract (~> 2.0)
  - SwiftyTesseractRTE (from `../`)

EXTERNAL SOURCES:
  SwiftyTesseractRTE:
    :path: ../

SPEC CHECKSUMS:
  SwiftyTesseract: 9a7e7df8b89c56d732a58c5fcf2e79c35d1e88c9
  SwiftyTesseractRTE: 118628e808ca94997fd60699e2a6faa893ebf328

PODFILE CHECKSUM: 7ade0a9672f40b7a6bcc6f14fcd843a27150399e

COCOAPODS: 1.4.0
